
Microsoft Visual Studio Solution File, Format Version 12.00
# Visual Studio Version 17
VisualStudioVersion = 17.2.32630.192
MinimumVisualStudioVersion = 10.0.40219.1
Project("{FAE04EC0-301F-11D3-BF4B-00C04F79EFBC}") = "cdssdc", "cdssdc.csproj", "{1D7718C3-F37C-4BBC-9DCE-7C769ECA5EE4}"
EndProject
Global
	GlobalSection(SolutionConfigurationPlatforms) = preSolution
		Debug|Any CPU = Debug|Any CPU
		Release|Any CPU = Release|Any CPU
	EndGlobalSection
	GlobalSection(ProjectConfigurationPlatforms) = postSolution
		{1D7718C3-F37C-4BBC-9DCE-7C769ECA5EE4}.Debug|Any CPU.ActiveCfg = Debug|Any CPU
		{1D7718C3-F37C-4BBC-9DCE-7C769ECA5EE4}.Debug|Any CPU.Build.0 = Debug|Any CPU
		{1D7718C3-F37C-4BBC-9DCE-7C769ECA5EE4}.Release|Any CPU.ActiveCfg = Release|Any CPU
		{1D7718C3-F37C-4BBC-9DCE-7C769ECA5EE4}.Release|Any CPU.Build.0 = Release|Any CPU
	EndGlobalSection
	GlobalSection(SolutionProperties) = preSolution
		HideSolutionNode = FALSE
	EndGlobalSection
	GlobalSection(ExtensibilityGlobals) = postSolution
		SolutionGuid = {D2BB4A26-F45F-4168-A95E-5F2530237E70}
	EndGlobalSection
EndGlobal
