
Microsoft Visual Studio Solution File, Format Version 12.00
# Visual Studio Version 17
VisualStudioVersion = 17.2.32630.192
MinimumVisualStudioVersion = 10.0.40219.1
Project("{FAE04EC0-301F-11D3-BF4B-00C04F79EFBC}") = "EmpWageLoop", "EmpWageLoop.csproj", "{4F580576-2943-42A5-AA33-226BA0C67915}"
EndProject
Global
	GlobalSection(SolutionConfigurationPlatforms) = preSolution
		Debug|Any CPU = Debug|Any CPU
		Release|Any CPU = Release|Any CPU
	EndGlobalSection
	GlobalSection(ProjectConfigurationPlatforms) = postSolution
		{4F580576-2943-42A5-AA33-226BA0C67915}.Debug|Any CPU.ActiveCfg = Debug|Any CPU
		{4F580576-2943-42A5-AA33-226BA0C67915}.Debug|Any CPU.Build.0 = Debug|Any CPU
		{4F580576-2943-42A5-AA33-226BA0C67915}.Release|Any CPU.ActiveCfg = Release|Any CPU
		{4F580576-2943-42A5-AA33-226BA0C67915}.Release|Any CPU.Build.0 = Release|Any CPU
	EndGlobalSection
	GlobalSection(SolutionProperties) = preSolution
		HideSolutionNode = FALSE
	EndGlobalSection
	GlobalSection(ExtensibilityGlobals) = postSolution
		SolutionGuid = {D451D9A0-635A-4731-AF5D-630C7E90D49B}
	EndGlobalSection
EndGlobal
